
Microsoft Visual Studio Solution File, Format Version 12.00
# Visual Studio Version 16
VisualStudioVersion = 16.0.30002.166
MinimumVisualStudioVersion = 10.0.40219.1
Project("{FAE04EC0-301F-11D3-BF4B-00C04F79EFBC}") = "TournamentTracker", "TournamentTracker\TournamentTracker.csproj", "{C56BE4EE-7789-4A52-BA1F-CC25EFFC8D4F}"
EndProject
Project("{FAE04EC0-301F-11D3-BF4B-00C04F79EFBC}") = "TrackerUI", "TrackerUI\TrackerUI.csproj", "{854BA3D9-EBBE-4100-A0B2-873A0F36BBFE}"
EndProject
Global
	GlobalSection(SolutionConfigurationPlatforms) = preSolution
		Debug|Any CPU = Debug|Any CPU
		Release|Any CPU = Release|Any CPU
	EndGlobalSection
	GlobalSection(ProjectConfigurationPlatforms) = postSolution
		{C56BE4EE-7789-4A52-BA1F-CC25EFFC8D4F}.Debug|Any CPU.ActiveCfg = Debug|Any CPU
		{C56BE4EE-7789-4A52-BA1F-CC25EFFC8D4F}.Debug|Any CPU.Build.0 = Debug|Any CPU
		{C56BE4EE-7789-4A52-BA1F-CC25EFFC8D4F}.Release|Any CPU.ActiveCfg = Release|Any CPU
		{C56BE4EE-7789-4A52-BA1F-CC25EFFC8D4F}.Release|Any CPU.Build.0 = Release|Any CPU
		{854BA3D9-EBBE-4100-A0B2-873A0F36BBFE}.Debug|Any CPU.ActiveCfg = Debug|Any CPU
		{854BA3D9-EBBE-4100-A0B2-873A0F36BBFE}.Debug|Any CPU.Build.0 = Debug|Any CPU
		{854BA3D9-EBBE-4100-A0B2-873A0F36BBFE}.Release|Any CPU.ActiveCfg = Release|Any CPU
		{854BA3D9-EBBE-4100-A0B2-873A0F36BBFE}.Release|Any CPU.Build.0 = Release|Any CPU
	EndGlobalSection
	GlobalSection(SolutionProperties) = preSolution
		HideSolutionNode = FALSE
	EndGlobalSection
	GlobalSection(ExtensibilityGlobals) = postSolution
		SolutionGuid = {5E6A74F1-7ECE-426D-81C3-A9E3465279AF}
	EndGlobalSection
EndGlobal
